
Microsoft Visual Studio Solution File, Format Version 12.00
# Visual Studio Version 17
VisualStudioVersion = 17.5.33516.290
MinimumVisualStudioVersion = 10.0.40219.1
Project("{FAE04EC0-301F-11D3-BF4B-00C04F79EFBC}") = "1601 dll-виклик", "1601 dll-виклик.csproj", "{BB947836-A153-4867-B456-D78C2367A710}"
EndProject
Global
	GlobalSection(SolutionConfigurationPlatforms) = preSolution
		Debug|Any CPU = Debug|Any CPU
		Release|Any CPU = Release|Any CPU
	EndGlobalSection
	GlobalSection(ProjectConfigurationPlatforms) = postSolution
		{BB947836-A153-4867-B456-D78C2367A710}.Debug|Any CPU.ActiveCfg = Debug|Any CPU
		{BB947836-A153-4867-B456-D78C2367A710}.Debug|Any CPU.Build.0 = Debug|Any CPU
		{BB947836-A153-4867-B456-D78C2367A710}.Release|Any CPU.ActiveCfg = Release|Any CPU
		{BB947836-A153-4867-B456-D78C2367A710}.Release|Any CPU.Build.0 = Release|Any CPU
	EndGlobalSection
	GlobalSection(SolutionProperties) = preSolution
		HideSolutionNode = FALSE
	EndGlobalSection
	GlobalSection(ExtensibilityGlobals) = postSolution
		SolutionGuid = {5C5F2279-D994-4A94-914A-7356813A8175}
	EndGlobalSection
EndGlobal
